
Microsoft Visual Studio Solution File, Format Version 12.00
# Visual Studio Version 17
VisualStudioVersion = 17.13.35825.156 d17.13
MinimumVisualStudioVersion = 10.0.40219.1
Project("{FAE04EC0-301F-11D3-BF4B-00C04F79EFBC}") = "GroceryListApp", "GroceryListApp.csproj", "{AE3D9967-34B4-4E51-9EE5-424362A38EAD}"
EndProject
Global
	GlobalSection(SolutionConfigurationPlatforms) = preSolution
		Debug|Any CPU = Debug|Any CPU
		Release|Any CPU = Release|Any CPU
	EndGlobalSection
	GlobalSection(ProjectConfigurationPlatforms) = postSolution
		{AE3D9967-34B4-4E51-9EE5-424362A38EAD}.Debug|Any CPU.ActiveCfg = Debug|Any CPU
		{AE3D9967-34B4-4E51-9EE5-424362A38EAD}.Debug|Any CPU.Build.0 = Debug|Any CPU
		{AE3D9967-34B4-4E51-9EE5-424362A38EAD}.Release|Any CPU.ActiveCfg = Release|Any CPU
		{AE3D9967-34B4-4E51-9EE5-424362A38EAD}.Release|Any CPU.Build.0 = Release|Any CPU
	EndGlobalSection
	GlobalSection(SolutionProperties) = preSolution
		HideSolutionNode = FALSE
	EndGlobalSection
	GlobalSection(ExtensibilityGlobals) = postSolution
		SolutionGuid = {75E4FB6E-DD6D-4787-9871-B3D46E71DB53}
	EndGlobalSection
EndGlobal
